// !$*UTF8*$!
{
	archiveVersion = 1;
	classes = {
	};
	objectVersion = 56;
	objects = {

/* Begin PBXBuildFile section */
		5DC4D18628ECC6FA002F106E /* AppDelegate.swift in Sources */ = {isa = PBXBuildFile; fileRef = 5DC4D18528ECC6FA002F106E /* AppDelegate.swift */; };
		5DC4D18828ECC6FA002F106E /* SceneDelegate.swift in Sources */ = {isa = PBXBuildFile; fileRef = 5DC4D18728ECC6FA002F106E /* SceneDelegate.swift */; };
		5DC4D18F28ECC6FB002F106E /* Assets.xcassets in Resources */ = {isa = PBXBuildFile; fileRef = 5DC4D18E28ECC6FB002F106E /* Assets.xcassets */; };
		5DC4D19228ECC6FB002F106E /* LaunchScreen.storyboard in Resources */ = {isa = PBXBuildFile; fileRef = 5DC4D19028ECC6FB002F106E /* LaunchScreen.storyboard */; };
		5DC4D1A228ECD48C002F106E /* MainViewController.swift in Sources */ = {isa = PBXBuildFile; fileRef = 5DC4D1A028ECD48C002F106E /* MainViewController.swift */; };
		5DC4D1A328ECD48C002F106E /* MainViewController.xib in Resources */ = {isa = PBXBuildFile; fileRef = 5DC4D1A128ECD48C002F106E /* MainViewController.xib */; };
		5DC4D1A528ECD4B3002F106E /* AlbumsFactory.swift in Sources */ = {isa = PBXBuildFile; fileRef = 5DC4D1A428ECD4B3002F106E /* AlbumsFactory.swift */; };
		5DDDDAFA28EDCDA000C246C1 /* MainViewControllerPresenter.swift in Sources */ = {isa = PBXBuildFile; fileRef = 5DDDDAF928EDCDA000C246C1 /* MainViewControllerPresenter.swift */; };
		5DDDDAFE28EE20EA00C246C1 /* AlbumCell.swift in Sources */ = {isa = PBXBuildFile; fileRef = 5DDDDAFC28EE20EA00C246C1 /* AlbumCell.swift */; };
		5DDDDAFF28EE20EA00C246C1 /* AlbumCell.xib in Resources */ = {isa = PBXBuildFile; fileRef = 5DDDDAFD28EE20EA00C246C1 /* AlbumCell.xib */; };
/* End PBXBuildFile section */

/* Begin PBXFileReference section */
		5DC4D18228ECC6FA002F106E /* MusicStreamingApp.app */ = {isa = PBXFileReference; explicitFileType = wrapper.application; includeInIndex = 0; path = MusicStreamingApp.app; sourceTree = BUILT_PRODUCTS_DIR; };
		5DC4D18528ECC6FA002F106E /* AppDelegate.swift */ = {isa = PBXFileReference; lastKnownFileType = sourcecode.swift; path = AppDelegate.swift; sourceTree = "<group>"; };
		5DC4D18728ECC6FA002F106E /* SceneDelegate.swift */ = {isa = PBXFileReference; lastKnownFileType = sourcecode.swift; path = SceneDelegate.swift; sourceTree = "<group>"; };
		5DC4D18E28ECC6FB002F106E /* Assets.xcassets */ = {isa = PBXFileReference; lastKnownFileType = folder.assetcatalog; path = Assets.xcassets; sourceTree = "<group>"; };
		5DC4D19128ECC6FB002F106E /* Base */ = {isa = PBXFileReference; lastKnownFileType = file.storyboard; name = Base; path = Base.lproj/LaunchScreen.storyboard; sourceTree = "<group>"; };
		5DC4D19328ECC6FB002F106E /* Info.plist */ = {isa = PBXFileReference; lastKnownFileType = text.plist.xml; path = Info.plist; sourceTree = "<group>"; };
		5DC4D1A028ECD48C002F106E /* MainViewController.swift */ = {isa = PBXFileReference; lastKnownFileType = sourcecode.swift; path = MainViewController.swift; sourceTree = "<group>"; };
		5DC4D1A128ECD48C002F106E /* MainViewController.xib */ = {isa = PBXFileReference; lastKnownFileType = file.xib; path = MainViewController.xib; sourceTree = "<group>"; };
		5DC4D1A428ECD4B3002F106E /* AlbumsFactory.swift */ = {isa = PBXFileReference; lastKnownFileType = sourcecode.swift; path = AlbumsFactory.swift; sourceTree = "<group>"; };
		5DDDDAF928EDCDA000C246C1 /* MainViewControllerPresenter.swift */ = {isa = PBXFileReference; lastKnownFileType = sourcecode.swift; path = MainViewControllerPresenter.swift; sourceTree = "<group>"; };
		5DDDDAFC28EE20EA00C246C1 /* AlbumCell.swift */ = {isa = PBXFileReference; lastKnownFileType = sourcecode.swift; path = AlbumCell.swift; sourceTree = "<group>"; };
		5DDDDAFD28EE20EA00C246C1 /* AlbumCell.xib */ = {isa = PBXFileReference; lastKnownFileType = file.xib; path = AlbumCell.xib; sourceTree = "<group>"; };
/* End PBXFileReference section */

/* Begin PBXFrameworksBuildPhase section */
		5DC4D17F28ECC6FA002F106E /* Frameworks */ = {
			isa = PBXFrameworksBuildPhase;
			buildActionMask = 2147483647;
			files = (
			);
			runOnlyForDeploymentPostprocessing = 0;
		};
/* End PBXFrameworksBuildPhase section */

/* Begin PBXGroup section */
		5DC4D17928ECC6FA002F106E = {
			isa = PBXGroup;
			children = (
				5DC4D18428ECC6FA002F106E /* MusicStreamingApp */,
				5DC4D18328ECC6FA002F106E /* Products */,
			);
			sourceTree = "<group>";
		};
		5DC4D18328ECC6FA002F106E /* Products */ = {
			isa = PBXGroup;
			children = (
				5DC4D18228ECC6FA002F106E /* MusicStreamingApp.app */,
			);
			name = Products;
			sourceTree = "<group>";
		};
		5DC4D18428ECC6FA002F106E /* MusicStreamingApp */ = {
			isa = PBXGroup;
			children = (
				5DC4D19D28ECD019002F106E /* Application */,
				5DC4D19C28ECCFD4002F106E /* Code */,
				5DC4D19E28ECD03D002F106E /* Resources */,
				5DC4D19028ECC6FB002F106E /* LaunchScreen.storyboard */,
			);
			path = MusicStreamingApp;
			sourceTree = "<group>";
		};
		5DC4D19C28ECCFD4002F106E /* Code */ = {
			isa = PBXGroup;
			children = (
				5DDDDAF728EDC93B00C246C1 /* Views */,
				5DDDDAF828EDC94700C246C1 /* Presenters */,
			);
			path = Code;
			sourceTree = "<group>";
		};
		5DC4D19D28ECD019002F106E /* Application */ = {
			isa = PBXGroup;
			children = (
				5DC4D19328ECC6FB002F106E /* Info.plist */,
				5DC4D18528ECC6FA002F106E /* AppDelegate.swift */,
				5DC4D18728ECC6FA002F106E /* SceneDelegate.swift */,
			);
			path = Application;
			sourceTree = "<group>";
		};
		5DC4D19E28ECD03D002F106E /* Resources */ = {
			isa = PBXGroup;
			children = (
				5DC4D18E28ECC6FB002F106E /* Assets.xcassets */,
			);
			path = Resources;
			sourceTree = "<group>";
		};
		5DC4D19F28ECD470002F106E /* MainViewController */ = {
			isa = PBXGroup;
			children = (
				5DDDDAFB28EE20C500C246C1 /* AlbumCell */,
				5DC4D1A028ECD48C002F106E /* MainViewController.swift */,
				5DC4D1A128ECD48C002F106E /* MainViewController.xib */,
				5DC4D1A428ECD4B3002F106E /* AlbumsFactory.swift */,
			);
			path = MainViewController;
			sourceTree = "<group>";
		};
		5DDDDAF728EDC93B00C246C1 /* Views */ = {
			isa = PBXGroup;
			children = (
				5DC4D19F28ECD470002F106E /* MainViewController */,
			);
			path = Views;
			sourceTree = "<group>";
		};
		5DDDDAF828EDC94700C246C1 /* Presenters */ = {
			isa = PBXGroup;
			children = (
				5DDDDAF928EDCDA000C246C1 /* MainViewControllerPresenter.swift */,
			);
			path = Presenters;
			sourceTree = "<group>";
		};
		5DDDDAFB28EE20C500C246C1 /* AlbumCell */ = {
			isa = PBXGroup;
			children = (
				5DDDDAFC28EE20EA00C246C1 /* AlbumCell.swift */,
				5DDDDAFD28EE20EA00C246C1 /* AlbumCell.xib */,
			);
			path = AlbumCell;
			sourceTree = "<group>";
		};
/* End PBXGroup section */

/* Begin PBXNativeTarget section */
		5DC4D18128ECC6FA002F106E /* MusicStreamingApp */ = {
			isa = PBXNativeTarget;
			buildConfigurationList = 5DC4D19628ECC6FB002F106E /* Build configuration list for PBXNativeTarget "MusicStreamingApp" */;
			buildPhases = (
				5DC4D17E28ECC6FA002F106E /* Sources */,
				5DC4D17F28ECC6FA002F106E /* Frameworks */,
				5DC4D18028ECC6FA002F106E /* Resources */,
			);
			buildRules = (
			);
			dependencies = (
			);
			name = MusicStreamingApp;
			productName = MusicStreamingApp;
			productReference = 5DC4D18228ECC6FA002F106E /* MusicStreamingApp.app */;
			productType = "com.apple.product-type.application";
		};
/* End PBXNativeTarget section */

/* Begin PBXProject section */
		5DC4D17A28ECC6FA002F106E /* Project object */ = {
			isa = PBXProject;
			attributes = {
				BuildIndependentTargetsInParallel = 1;
				LastSwiftUpdateCheck = 1400;
				LastUpgradeCheck = 1400;
				TargetAttributes = {
					5DC4D18128ECC6FA002F106E = {
						CreatedOnToolsVersion = 14.0.1;
					};
				};
			};
			buildConfigurationList = 5DC4D17D28ECC6FA002F106E /* Build configuration list for PBXProject "MusicStreamingApp" */;
			compatibilityVersion = "Xcode 14.0";
			developmentRegion = en;
			hasScannedForEncodings = 0;
			knownRegions = (
				en,
				Base,
			);
			mainGroup = 5DC4D17928ECC6FA002F106E;
			productRefGroup = 5DC4D18328ECC6FA002F106E /* Products */;
			projectDirPath = "";
			projectRoot = "";
			targets = (
				5DC4D18128ECC6FA002F106E /* MusicStreamingApp */,
			);
		};
/* End PBXProject section */

/* Begin PBXResourcesBuildPhase section */
		5DC4D18028ECC6FA002F106E /* Resources */ = {
			isa = PBXResourcesBuildPhase;
			buildActionMask = 2147483647;
			files = (
				5DC4D19228ECC6FB002F106E /* LaunchScreen.storyboard in Resources */,
				5DC4D1A328ECD48C002F106E /* MainViewController.xib in Resources */,
				5DC4D18F28ECC6FB002F106E /* Assets.xcassets in Resources */,
				5DDDDAFF28EE20EA00C246C1 /* AlbumCell.xib in Resources */,
			);
			runOnlyForDeploymentPostprocessing = 0;
		};
/* End PBXResourcesBuildPhase section */

/* Begin PBXSourcesBuildPhase section */
		5DC4D17E28ECC6FA002F106E /* Sources */ = {
			isa = PBXSourcesBuildPhase;
			buildActionMask = 2147483647;
			files = (
				5DC4D1A228ECD48C002F106E /* MainViewController.swift in Sources */,
				5DC4D18628ECC6FA002F106E /* AppDelegate.swift in Sources */,
				5DDDDAFA28EDCDA000C246C1 /* MainViewControllerPresenter.swift in Sources */,
				5DC4D1A528ECD4B3002F106E /* AlbumsFactory.swift in Sources */,
				5DC4D18828ECC6FA002F106E /* SceneDelegate.swift in Sources */,
				5DDDDAFE28EE20EA00C246C1 /* AlbumCell.swift in Sources */,
			);
			runOnlyForDeploymentPostprocessing = 0;
		};
/* End PBXSourcesBuildPhase section */

/* Begin PBXVariantGroup section */
		5DC4D19028ECC6FB002F106E /* LaunchScreen.storyboard */ = {
			isa = PBXVariantGroup;
			children = (
				5DC4D19128ECC6FB002F106E /* Base */,
			);
			name = LaunchScreen.storyboard;
			sourceTree = "<group>";
		};
/* End PBXVariantGroup section */

/* Begin XCBuildConfiguration section */
		5DC4D19428ECC6FB002F106E /* Debug */ = {
			isa = XCBuildConfiguration;
			buildSettings = {
				ALWAYS_SEARCH_USER_PATHS = NO;
				CLANG_ANALYZER_NONNULL = YES;
				CLANG_ANALYZER_NUMBER_OBJECT_CONVERSION = YES_AGGRESSIVE;
				CLANG_CXX_LANGUAGE_STANDARD = "gnu++20";
				CLANG_ENABLE_MODULES = YES;
				CLANG_ENABLE_OBJC_ARC = YES;
				CLANG_ENABLE_OBJC_WEAK = YES;
				CLANG_WARN_BLOCK_CAPTURE_AUTORELEASING = YES;
				CLANG_WARN_BOOL_CONVERSION = YES;
				CLANG_WARN_COMMA = YES;
				CLANG_WARN_CONSTANT_CONVERSION = YES;
				CLANG_WARN_DEPRECATED_OBJC_IMPLEMENTATIONS = YES;
				CLANG_WARN_DIRECT_OBJC_ISA_USAGE = YES_ERROR;
				CLANG_WARN_DOCUMENTATION_COMMENTS = YES;
				CLANG_WARN_EMPTY_BODY = YES;
				CLANG_WARN_ENUM_CONVERSION = YES;
				CLANG_WARN_INFINITE_RECURSION = YES;
				CLANG_WARN_INT_CONVERSION = YES;
				CLANG_WARN_NON_LITERAL_NULL_CONVERSION = YES;
				CLANG_WARN_OBJC_IMPLICIT_RETAIN_SELF = YES;
				CLANG_WARN_OBJC_LITERAL_CONVERSION = YES;
				CLANG_WARN_OBJC_ROOT_CLASS = YES_ERROR;
				CLANG_WARN_QUOTED_INCLUDE_IN_FRAMEWORK_HEADER = YES;
				CLANG_WARN_RANGE_LOOP_ANALYSIS = YES;
				CLANG_WARN_STRICT_PROTOTYPES = YES;
				CLANG_WARN_SUSPICIOUS_MOVE = YES;
				CLANG_WARN_UNGUARDED_AVAILABILITY = YES_AGGRESSIVE;
				CLANG_WARN_UNREACHABLE_CODE = YES;
				CLANG_WARN__DUPLICATE_METHOD_MATCH = YES;
				COPY_PHASE_STRIP = NO;
				DEBUG_INFORMATION_FORMAT = dwarf;
				ENABLE_STRICT_OBJC_MSGSEND = YES;
				ENABLE_TESTABILITY = YES;
				GCC_C_LANGUAGE_STANDARD = gnu11;
				GCC_DYNAMIC_NO_PIC = NO;
				GCC_NO_COMMON_BLOCKS = YES;
				GCC_OPTIMIZATION_LEVEL = 0;
				GCC_PREPROCESSOR_DEFINITIONS = (
					"DEBUG=1",
					"$(inherited)",
				);
				GCC_WARN_64_TO_32_BIT_CONVERSION = YES;
				GCC_WARN_ABOUT_RETURN_TYPE = YES_ERROR;
				GCC_WARN_UNDECLARED_SELECTOR = YES;
				GCC_WARN_UNINITIALIZED_AUTOS = YES_AGGRESSIVE;
				GCC_WARN_UNUSED_FUNCTION = YES;
				GCC_WARN_UNUSED_VARIABLE = YES;
				IPHONEOS_DEPLOYMENT_TARGET = 16.0;
				MTL_ENABLE_DEBUG_INFO = INCLUDE_SOURCE;
				MTL_FAST_MATH = YES;
				ONLY_ACTIVE_ARCH = YES;
				SDKROOT = iphoneos;
				SWIFT_ACTIVE_COMPILATION_CONDITIONS = DEBUG;
				SWIFT_OPTIMIZATION_LEVEL = "-Onone";
			};
			name = Debug;
		};
		5DC4D19528ECC6FB002F106E /* Release */ = {
			isa = XCBuildConfiguration;
			buildSettings = {
				ALWAYS_SEARCH_USER_PATHS = NO;
				CLANG_ANALYZER_NONNULL = YES;
				CLANG_ANALYZER_NUMBER_OBJECT_CONVERSION = YES_AGGRESSIVE;
				CLANG_CXX_LANGUAGE_STANDARD = "gnu++20";
				CLANG_ENABLE_MODULES = YES;
				CLANG_ENABLE_OBJC_ARC = YES;
				CLANG_ENABLE_OBJC_WEAK = YES;
				CLANG_WARN_BLOCK_CAPTURE_AUTORELEASING = YES;
				CLANG_WARN_BOOL_CONVERSION = YES;
				CLANG_WARN_COMMA = YES;
				CLANG_WARN_CONSTANT_CONVERSION = YES;
				CLANG_WARN_DEPRECATED_OBJC_IMPLEMENTATIONS = YES;
				CLANG_WARN_DIRECT_OBJC_ISA_USAGE = YES_ERROR;
				CLANG_WARN_DOCUMENTATION_COMMENTS = YES;
				CLANG_WARN_EMPTY_BODY = YES;
				CLANG_WARN_ENUM_CONVERSION = YES;
				CLANG_WARN_INFINITE_RECURSION = YES;
				CLANG_WARN_INT_CONVERSION = YES;
				CLANG_WARN_NON_LITERAL_NULL_CONVERSION = YES;
				CLANG_WARN_OBJC_IMPLICIT_RETAIN_SELF = YES;
				CLANG_WARN_OBJC_LITERAL_CONVERSION = YES;
				CLANG_WARN_OBJC_ROOT_CLASS = YES_ERROR;
				CLANG_WARN_QUOTED_INCLUDE_IN_FRAMEWORK_HEADER = YES;
				CLANG_WARN_RANGE_LOOP_ANALYSIS = YES;
				CLANG_WARN_STRICT_PROTOTYPES = YES;
				CLANG_WARN_SUSPICIOUS_MOVE = YES;
				CLANG_WARN_UNGUARDED_AVAILABILITY = YES_AGGRESSIVE;
				CLANG_WARN_UNREACHABLE_CODE = YES;
				CLANG_WARN__DUPLICATE_METHOD_MATCH = YES;
				COPY_PHASE_STRIP = NO;
				DEBUG_INFORMATION_FORMAT = "dwarf-with-dsym";
				ENABLE_NS_ASSERTIONS = NO;
				ENABLE_STRICT_OBJC_MSGSEND = YES;
				GCC_C_LANGUAGE_STANDARD = gnu11;
				GCC_NO_COMMON_BLOCKS = YES;
				GCC_WARN_64_TO_32_BIT_CONVERSION = YES;
				GCC_WARN_ABOUT_RETURN_TYPE = YES_ERROR;
				GCC_WARN_UNDECLARED_SELECTOR = YES;
				GCC_WARN_UNINITIALIZED_AUTOS = YES_AGGRESSIVE;
				GCC_WARN_UNUSED_FUNCTION = YES;
				GCC_WARN_UNUSED_VARIABLE = YES;
				IPHONEOS_DEPLOYMENT_TARGET = 16.0;
				MTL_ENABLE_DEBUG_INFO = NO;
				MTL_FAST_MATH = YES;
				SDKROOT = iphoneos;
				SWIFT_COMPILATION_MODE = wholemodule;
				SWIFT_OPTIMIZATION_LEVEL = "-O";
				VALIDATE_PRODUCT = YES;
			};
			name = Release;
		};
		5DC4D19728ECC6FB002F106E /* Debug */ = {
			isa = XCBuildConfiguration;
			buildSettings = {
				ASSETCATALOG_COMPILER_APPICON_NAME = AppIcon;
				ASSETCATALOG_COMPILER_GLOBAL_ACCENT_COLOR_NAME = AccentColor;
				CODE_SIGN_STYLE = Automatic;
				CURRENT_PROJECT_VERSION = 1;
				DEVELOPMENT_TEAM = 4SPJS2ZBYA;
				GENERATE_INFOPLIST_FILE = YES;
				INFOPLIST_FILE = MusicStreamingApp/Application/Info.plist;
				INFOPLIST_KEY_UIApplicationSupportsIndirectInputEvents = YES;
				INFOPLIST_KEY_UILaunchStoryboardName = "";
				INFOPLIST_KEY_UISupportedInterfaceOrientations_iPad = "UIInterfaceOrientationPortrait UIInterfaceOrientationPortraitUpsideDown UIInterfaceOrientationLandscapeLeft UIInterfaceOrientationLandscapeRight";
				INFOPLIST_KEY_UISupportedInterfaceOrientations_iPhone = "UIInterfaceOrientationPortrait UIInterfaceOrientationLandscapeLeft UIInterfaceOrientationLandscapeRight";
				LD_RUNPATH_SEARCH_PATHS = (
					"$(inherited)",
					"@executable_path/Frameworks",
				);
				MARKETING_VERSION = 1.0;
				PRODUCT_BUNDLE_IDENTIFIER = alina.com.MusicStreamingApp;
				PRODUCT_NAME = "$(TARGET_NAME)";
				SWIFT_EMIT_LOC_STRINGS = YES;
				SWIFT_VERSION = 5.0;
				TARGETED_DEVICE_FAMILY = "1,2";
			};
			name = Debug;
		};
		5DC4D19828ECC6FB002F106E /* Release */ = {
			isa = XCBuildConfiguration;
			buildSettings = {
				ASSETCATALOG_COMPILER_APPICON_NAME = AppIcon;
				ASSETCATALOG_COMPILER_GLOBAL_ACCENT_COLOR_NAME = AccentColor;
				CODE_SIGN_STYLE = Automatic;
				CURRENT_PROJECT_VERSION = 1;
				DEVELOPMENT_TEAM = 4SPJS2ZBYA;
				GENERATE_INFOPLIST_FILE = YES;
				INFOPLIST_FILE = MusicStreamingApp/Application/Info.plist;
				INFOPLIST_KEY_UIApplicationSupportsIndirectInputEvents = YES;
				INFOPLIST_KEY_UILaunchStoryboardName = "";
				INFOPLIST_KEY_UISupportedInterfaceOrientations_iPad = "UIInterfaceOrientationPortrait UIInterfaceOrientationPortraitUpsideDown UIInterfaceOrientationLandscapeLeft UIInterfaceOrientationLandscapeRight";
				INFOPLIST_KEY_UISupportedInterfaceOrientations_iPhone = "UIInterfaceOrientationPortrait UIInterfaceOrientationLandscapeLeft UIInterfaceOrientationLandscapeRight";
				LD_RUNPATH_SEARCH_PATHS = (
					"$(inherited)",
					"@executable_path/Frameworks",
				);
				MARKETING_VERSION = 1.0;
				PRODUCT_BUNDLE_IDENTIFIER = alina.com.MusicStreamingApp;
				PRODUCT_NAME = "$(TARGET_NAME)";
				SWIFT_EMIT_LOC_STRINGS = YES;
				SWIFT_VERSION = 5.0;
				TARGETED_DEVICE_FAMILY = "1,2";
			};
			name = Release;
		};
/* End XCBuildConfiguration section */

/* Begin XCConfigurationList section */
		5DC4D17D28ECC6FA002F106E /* Build configuration list for PBXProject "MusicStreamingApp" */ = {
			isa = XCConfigurationList;
			buildConfigurations = (
				5DC4D19428ECC6FB002F106E /* Debug */,
				5DC4D19528ECC6FB002F106E /* Release */,
			);
			defaultConfigurationIsVisible = 0;
			defaultConfigurationName = Release;
		};
		5DC4D19628ECC6FB002F106E /* Build configuration list for PBXNativeTarget "MusicStreamingApp" */ = {
			isa = XCConfigurationList;
			buildConfigurations = (
				5DC4D19728ECC6FB002F106E /* Debug */,
				5DC4D19828ECC6FB002F106E /* Release */,
			);
			defaultConfigurationIsVisible = 0;
			defaultConfigurationName = Release;
		};
/* End XCConfigurationList section */
	};
	rootObject = 5DC4D17A28ECC6FA002F106E /* Project object */;
}
